
Microsoft Visual Studio Solution File, Format Version 12.00
# Visual Studio Version 16
VisualStudioVersion = 16.0.30330.147
MinimumVisualStudioVersion = 10.0.40219.1
Project("{FAE04EC0-301F-11D3-BF4B-00C04F79EFBC}") = "MELCORUncertaintyOutputFileHelper", "MELCORUncertaintyOutputFileHelper\MELCORUncertaintyOutputFileHelper.csproj", "{A9107AA8-C650-4DC1-AF8A-2290797A545C}"
EndProject
Global
	GlobalSection(SolutionConfigurationPlatforms) = preSolution
		Debug|Any CPU = Debug|Any CPU
		Release|Any CPU = Release|Any CPU
	EndGlobalSection
	GlobalSection(ProjectConfigurationPlatforms) = postSolution
		{A9107AA8-C650-4DC1-AF8A-2290797A545C}.Debug|Any CPU.ActiveCfg = Debug|Any CPU
		{A9107AA8-C650-4DC1-AF8A-2290797A545C}.Debug|Any CPU.Build.0 = Debug|Any CPU
		{A9107AA8-C650-4DC1-AF8A-2290797A545C}.Release|Any CPU.ActiveCfg = Release|Any CPU
		{A9107AA8-C650-4DC1-AF8A-2290797A545C}.Release|Any CPU.Build.0 = Release|Any CPU
	EndGlobalSection
	GlobalSection(SolutionProperties) = preSolution
		HideSolutionNode = FALSE
	EndGlobalSection
	GlobalSection(ExtensibilityGlobals) = postSolution
		SolutionGuid = {423DDB05-6408-40C5-BD0D-DB6DB33D3181}
	EndGlobalSection
EndGlobal
